
Microsoft Visual Studio Solution File, Format Version 12.00
# Visual Studio Version 17
VisualStudioVersion = 17.8.34525.116
MinimumVisualStudioVersion = 10.0.40219.1
Project("{9A19103F-16F7-4668-BE54-9A1E7A4F7556}") = "OsuFileTools", "OsuFileTools\OsuFileTools.csproj", "{6AFC52AB-D36B-4D11-AE45-91D946364339}"
EndProject
Project("{9A19103F-16F7-4668-BE54-9A1E7A4F7556}") = "OsuParsers", "..\mrflashstudio\OsuParsers\OsuParsers\OsuParsers.csproj", "{0F3F4546-4D40-4853-A14F-783B7F3F990F}"
EndProject
Project("{9A19103F-16F7-4668-BE54-9A1E7A4F7556}") = "OsuRealDifficulty", "OsuRealDifficulty\OsuRealDifficulty.csproj", "{A56BCD93-810D-47DD-942E-DC53E8EB3458}"
EndProject
Project("{9A19103F-16F7-4668-BE54-9A1E7A4F7556}") = "OsuTools.Common", "OsuTools.Common\OsuTools.Common.csproj", "{EAC56DC2-FABB-40B4-BB76-EDB40E5A277A}"
EndProject
Project("{9A19103F-16F7-4668-BE54-9A1E7A4F7556}") = "OsuRealDifficulty.Tests", "OsuRealDifficulty.Tests\OsuRealDifficulty.Tests.csproj", "{564DB7F0-ACE0-4321-BEBB-D13E89F39C58}"
EndProject
Project("{9A19103F-16F7-4668-BE54-9A1E7A4F7556}") = "OsuRealDifficulty.UI.WinForms", "OsuRealDifficulty.UI.WinForms\OsuRealDifficulty.UI.WinForms.csproj", "{72AF93A8-CEA3-4B3C-835F-0EAFC50D6572}"
EndProject
Project("{FAE04EC0-301F-11D3-BF4B-00C04F79EFBC}") = "OsuFileTools.TimingPointCreation", "OsuFileTools.TimingPointCreation\OsuFileTools.TimingPointCreation.csproj", "{03913CBC-9E39-4924-BCD1-83C10393C8F2}"
EndProject
Project("{FAE04EC0-301F-11D3-BF4B-00C04F79EFBC}") = "OsuFileTools.TimingPointCreation.Tests", "OsuFileTools.TimingPointCreation.Tests\OsuFileTools.TimingPointCreation.Tests.csproj", "{982CF432-25B1-46DF-ADEB-E6104A595109}"
EndProject
Global
	GlobalSection(SolutionConfigurationPlatforms) = preSolution
		Debug|Any CPU = Debug|Any CPU
		Release|Any CPU = Release|Any CPU
	EndGlobalSection
	GlobalSection(ProjectConfigurationPlatforms) = postSolution
		{6AFC52AB-D36B-4D11-AE45-91D946364339}.Debug|Any CPU.ActiveCfg = Debug|Any CPU
		{6AFC52AB-D36B-4D11-AE45-91D946364339}.Debug|Any CPU.Build.0 = Debug|Any CPU
		{6AFC52AB-D36B-4D11-AE45-91D946364339}.Release|Any CPU.ActiveCfg = Release|Any CPU
		{6AFC52AB-D36B-4D11-AE45-91D946364339}.Release|Any CPU.Build.0 = Release|Any CPU
		{0F3F4546-4D40-4853-A14F-783B7F3F990F}.Debug|Any CPU.ActiveCfg = Debug|Any CPU
		{0F3F4546-4D40-4853-A14F-783B7F3F990F}.Debug|Any CPU.Build.0 = Debug|Any CPU
		{0F3F4546-4D40-4853-A14F-783B7F3F990F}.Release|Any CPU.ActiveCfg = Release|Any CPU
		{0F3F4546-4D40-4853-A14F-783B7F3F990F}.Release|Any CPU.Build.0 = Release|Any CPU
		{A56BCD93-810D-47DD-942E-DC53E8EB3458}.Debug|Any CPU.ActiveCfg = Debug|Any CPU
		{A56BCD93-810D-47DD-942E-DC53E8EB3458}.Debug|Any CPU.Build.0 = Debug|Any CPU
		{A56BCD93-810D-47DD-942E-DC53E8EB3458}.Release|Any CPU.ActiveCfg = Release|Any CPU
		{A56BCD93-810D-47DD-942E-DC53E8EB3458}.Release|Any CPU.Build.0 = Release|Any CPU
		{EAC56DC2-FABB-40B4-BB76-EDB40E5A277A}.Debug|Any CPU.ActiveCfg = Debug|Any CPU
		{EAC56DC2-FABB-40B4-BB76-EDB40E5A277A}.Debug|Any CPU.Build.0 = Debug|Any CPU
		{EAC56DC2-FABB-40B4-BB76-EDB40E5A277A}.Release|Any CPU.ActiveCfg = Release|Any CPU
		{EAC56DC2-FABB-40B4-BB76-EDB40E5A277A}.Release|Any CPU.Build.0 = Release|Any CPU
		{564DB7F0-ACE0-4321-BEBB-D13E89F39C58}.Debug|Any CPU.ActiveCfg = Debug|Any CPU
		{564DB7F0-ACE0-4321-BEBB-D13E89F39C58}.Debug|Any CPU.Build.0 = Debug|Any CPU
		{564DB7F0-ACE0-4321-BEBB-D13E89F39C58}.Release|Any CPU.ActiveCfg = Release|Any CPU
		{564DB7F0-ACE0-4321-BEBB-D13E89F39C58}.Release|Any CPU.Build.0 = Release|Any CPU
		{72AF93A8-CEA3-4B3C-835F-0EAFC50D6572}.Debug|Any CPU.ActiveCfg = Debug|Any CPU
		{72AF93A8-CEA3-4B3C-835F-0EAFC50D6572}.Debug|Any CPU.Build.0 = Debug|Any CPU
		{72AF93A8-CEA3-4B3C-835F-0EAFC50D6572}.Release|Any CPU.ActiveCfg = Release|Any CPU
		{72AF93A8-CEA3-4B3C-835F-0EAFC50D6572}.Release|Any CPU.Build.0 = Release|Any CPU
		{03913CBC-9E39-4924-BCD1-83C10393C8F2}.Debug|Any CPU.ActiveCfg = Debug|Any CPU
		{03913CBC-9E39-4924-BCD1-83C10393C8F2}.Debug|Any CPU.Build.0 = Debug|Any CPU
		{03913CBC-9E39-4924-BCD1-83C10393C8F2}.Release|Any CPU.ActiveCfg = Release|Any CPU
		{03913CBC-9E39-4924-BCD1-83C10393C8F2}.Release|Any CPU.Build.0 = Release|Any CPU
		{982CF432-25B1-46DF-ADEB-E6104A595109}.Debug|Any CPU.ActiveCfg = Debug|Any CPU
		{982CF432-25B1-46DF-ADEB-E6104A595109}.Debug|Any CPU.Build.0 = Debug|Any CPU
		{982CF432-25B1-46DF-ADEB-E6104A595109}.Release|Any CPU.ActiveCfg = Release|Any CPU
		{982CF432-25B1-46DF-ADEB-E6104A595109}.Release|Any CPU.Build.0 = Release|Any CPU
	EndGlobalSection
	GlobalSection(SolutionProperties) = preSolution
		HideSolutionNode = FALSE
	EndGlobalSection
	GlobalSection(ExtensibilityGlobals) = postSolution
		SolutionGuid = {499161F2-E171-41EF-90D2-CFD54B54BDA2}
	EndGlobalSection
EndGlobal
